
Microsoft Visual Studio Solution File, Format Version 12.00
# Visual Studio Version 17
VisualStudioVersion = 17.8.34525.116
MinimumVisualStudioVersion = 10.0.40219.1
Project("{FAE04EC0-301F-11D3-BF4B-00C04F79EFBC}") = "Tickets", "Tickets\Tickets.csproj", "{A72E03BA-069E-4DAF-AA3D-6D76B716FEC7}"
EndProject
Global
	GlobalSection(SolutionConfigurationPlatforms) = preSolution
		Debug|Any CPU = Debug|Any CPU
		Release|Any CPU = Release|Any CPU
	EndGlobalSection
	GlobalSection(ProjectConfigurationPlatforms) = postSolution
		{A72E03BA-069E-4DAF-AA3D-6D76B716FEC7}.Debug|Any CPU.ActiveCfg = Debug|Any CPU
		{A72E03BA-069E-4DAF-AA3D-6D76B716FEC7}.Debug|Any CPU.Build.0 = Debug|Any CPU
		{A72E03BA-069E-4DAF-AA3D-6D76B716FEC7}.Release|Any CPU.ActiveCfg = Release|Any CPU
		{A72E03BA-069E-4DAF-AA3D-6D76B716FEC7}.Release|Any CPU.Build.0 = Release|Any CPU
	EndGlobalSection
	GlobalSection(SolutionProperties) = preSolution
		HideSolutionNode = FALSE
	EndGlobalSection
	GlobalSection(ExtensibilityGlobals) = postSolution
		SolutionGuid = {6305DABD-553B-48E2-8808-64C5A91D8CBA}
	EndGlobalSection
EndGlobal
